
Microsoft Visual Studio Solution File, Format Version 12.00
# Visual Studio Version 17
VisualStudioVersion = 17.7.34031.279
MinimumVisualStudioVersion = 10.0.40219.1
Project("{FAE04EC0-301F-11D3-BF4B-00C04F79EFBC}") = "count using ifloop", "count using ifloop\count using ifloop.csproj", "{697B185D-E901-4F6A-AE94-239C7E626994}"
EndProject
Global
	GlobalSection(SolutionConfigurationPlatforms) = preSolution
		Debug|Any CPU = Debug|Any CPU
		Release|Any CPU = Release|Any CPU
	EndGlobalSection
	GlobalSection(ProjectConfigurationPlatforms) = postSolution
		{697B185D-E901-4F6A-AE94-239C7E626994}.Debug|Any CPU.ActiveCfg = Debug|Any CPU
		{697B185D-E901-4F6A-AE94-239C7E626994}.Debug|Any CPU.Build.0 = Debug|Any CPU
		{697B185D-E901-4F6A-AE94-239C7E626994}.Release|Any CPU.ActiveCfg = Release|Any CPU
		{697B185D-E901-4F6A-AE94-239C7E626994}.Release|Any CPU.Build.0 = Release|Any CPU
	EndGlobalSection
	GlobalSection(SolutionProperties) = preSolution
		HideSolutionNode = FALSE
	EndGlobalSection
	GlobalSection(ExtensibilityGlobals) = postSolution
		SolutionGuid = {BE75DBE0-9EED-4891-9CE4-4283A12AF188}
	EndGlobalSection
EndGlobal
