
Microsoft Visual Studio Solution File, Format Version 12.00
# Visual Studio Version 17
VisualStudioVersion = 17.7.34031.279
MinimumVisualStudioVersion = 10.0.40219.1
Project("{FAE04EC0-301F-11D3-BF4B-00C04F79EFBC}") = "inheritance with polymorphism", "inheritance with polymorphism\inheritance with polymorphism.csproj", "{B7DAD12C-E7D5-41C7-9B7B-2838989C34AA}"
EndProject
Global
	GlobalSection(SolutionConfigurationPlatforms) = preSolution
		Debug|Any CPU = Debug|Any CPU
		Release|Any CPU = Release|Any CPU
	EndGlobalSection
	GlobalSection(ProjectConfigurationPlatforms) = postSolution
		{B7DAD12C-E7D5-41C7-9B7B-2838989C34AA}.Debug|Any CPU.ActiveCfg = Debug|Any CPU
		{B7DAD12C-E7D5-41C7-9B7B-2838989C34AA}.Debug|Any CPU.Build.0 = Debug|Any CPU
		{B7DAD12C-E7D5-41C7-9B7B-2838989C34AA}.Release|Any CPU.ActiveCfg = Release|Any CPU
		{B7DAD12C-E7D5-41C7-9B7B-2838989C34AA}.Release|Any CPU.Build.0 = Release|Any CPU
	EndGlobalSection
	GlobalSection(SolutionProperties) = preSolution
		HideSolutionNode = FALSE
	EndGlobalSection
	GlobalSection(ExtensibilityGlobals) = postSolution
		SolutionGuid = {796BBBBD-29F7-4AFF-8033-8B1E0E85F166}
	EndGlobalSection
EndGlobal
