
Microsoft Visual Studio Solution File, Format Version 12.00
# Visual Studio Version 17
VisualStudioVersion = 17.7.34031.279
MinimumVisualStudioVersion = 10.0.40219.1
Project("{FAE04EC0-301F-11D3-BF4B-00C04F79EFBC}") = "extensionmethod for cntspace", "extensionmethod for cntspace\extensionmethod for cntspace.csproj", "{ACD84E89-219A-4BC9-8A69-E47AF30F5A11}"
EndProject
Global
	GlobalSection(SolutionConfigurationPlatforms) = preSolution
		Debug|Any CPU = Debug|Any CPU
		Release|Any CPU = Release|Any CPU
	EndGlobalSection
	GlobalSection(ProjectConfigurationPlatforms) = postSolution
		{ACD84E89-219A-4BC9-8A69-E47AF30F5A11}.Debug|Any CPU.ActiveCfg = Debug|Any CPU
		{ACD84E89-219A-4BC9-8A69-E47AF30F5A11}.Debug|Any CPU.Build.0 = Debug|Any CPU
		{ACD84E89-219A-4BC9-8A69-E47AF30F5A11}.Release|Any CPU.ActiveCfg = Release|Any CPU
		{ACD84E89-219A-4BC9-8A69-E47AF30F5A11}.Release|Any CPU.Build.0 = Release|Any CPU
	EndGlobalSection
	GlobalSection(SolutionProperties) = preSolution
		HideSolutionNode = FALSE
	EndGlobalSection
	GlobalSection(ExtensibilityGlobals) = postSolution
		SolutionGuid = {83CABC8D-E826-429F-9540-A2802AB9D799}
	EndGlobalSection
EndGlobal
