
Microsoft Visual Studio Solution File, Format Version 12.00
# Visual Studio Version 17
VisualStudioVersion = 17.7.34031.279
MinimumVisualStudioVersion = 10.0.40219.1
Project("{FAE04EC0-301F-11D3-BF4B-00C04F79EFBC}") = "employee", "employee\employee.csproj", "{00558AC0-A155-48B5-A4E2-DB67CEAA6F23}"
EndProject
Global
	GlobalSection(SolutionConfigurationPlatforms) = preSolution
		Debug|Any CPU = Debug|Any CPU
		Release|Any CPU = Release|Any CPU
	EndGlobalSection
	GlobalSection(ProjectConfigurationPlatforms) = postSolution
		{00558AC0-A155-48B5-A4E2-DB67CEAA6F23}.Debug|Any CPU.ActiveCfg = Debug|Any CPU
		{00558AC0-A155-48B5-A4E2-DB67CEAA6F23}.Debug|Any CPU.Build.0 = Debug|Any CPU
		{00558AC0-A155-48B5-A4E2-DB67CEAA6F23}.Release|Any CPU.ActiveCfg = Release|Any CPU
		{00558AC0-A155-48B5-A4E2-DB67CEAA6F23}.Release|Any CPU.Build.0 = Release|Any CPU
	EndGlobalSection
	GlobalSection(SolutionProperties) = preSolution
		HideSolutionNode = FALSE
	EndGlobalSection
	GlobalSection(ExtensibilityGlobals) = postSolution
		SolutionGuid = {BC886299-D589-43A0-8DAA-AF7D0B0EC124}
	EndGlobalSection
EndGlobal
