
Microsoft Visual Studio Solution File, Format Version 12.00
# Visual Studio Version 17
VisualStudioVersion = 17.7.34031.279
MinimumVisualStudioVersion = 10.0.40219.1
Project("{FAE04EC0-301F-11D3-BF4B-00C04F79EFBC}") = "listexample", "listexample\listexample.csproj", "{95BE981D-711E-43A5-B765-ABD79770BD84}"
EndProject
Global
	GlobalSection(SolutionConfigurationPlatforms) = preSolution
		Debug|Any CPU = Debug|Any CPU
		Release|Any CPU = Release|Any CPU
	EndGlobalSection
	GlobalSection(ProjectConfigurationPlatforms) = postSolution
		{95BE981D-711E-43A5-B765-ABD79770BD84}.Debug|Any CPU.ActiveCfg = Debug|Any CPU
		{95BE981D-711E-43A5-B765-ABD79770BD84}.Debug|Any CPU.Build.0 = Debug|Any CPU
		{95BE981D-711E-43A5-B765-ABD79770BD84}.Release|Any CPU.ActiveCfg = Release|Any CPU
		{95BE981D-711E-43A5-B765-ABD79770BD84}.Release|Any CPU.Build.0 = Release|Any CPU
	EndGlobalSection
	GlobalSection(SolutionProperties) = preSolution
		HideSolutionNode = FALSE
	EndGlobalSection
	GlobalSection(ExtensibilityGlobals) = postSolution
		SolutionGuid = {78941123-3301-44A5-B217-28E7CCB4CB1F}
	EndGlobalSection
EndGlobal
