
Microsoft Visual Studio Solution File, Format Version 12.00
# Visual Studio Version 17
VisualStudioVersion = 17.7.34031.279
MinimumVisualStudioVersion = 10.0.40219.1
Project("{FAE04EC0-301F-11D3-BF4B-00C04F79EFBC}") = "namespace clinicNm ex", "namespace clinicNm ex\namespace clinicNm ex.csproj", "{D9C83CB0-DA04-4C3B-B14C-411E0E41E0F9}"
EndProject
Global
	GlobalSection(SolutionConfigurationPlatforms) = preSolution
		Debug|Any CPU = Debug|Any CPU
		Release|Any CPU = Release|Any CPU
	EndGlobalSection
	GlobalSection(ProjectConfigurationPlatforms) = postSolution
		{D9C83CB0-DA04-4C3B-B14C-411E0E41E0F9}.Debug|Any CPU.ActiveCfg = Debug|Any CPU
		{D9C83CB0-DA04-4C3B-B14C-411E0E41E0F9}.Debug|Any CPU.Build.0 = Debug|Any CPU
		{D9C83CB0-DA04-4C3B-B14C-411E0E41E0F9}.Release|Any CPU.ActiveCfg = Release|Any CPU
		{D9C83CB0-DA04-4C3B-B14C-411E0E41E0F9}.Release|Any CPU.Build.0 = Release|Any CPU
	EndGlobalSection
	GlobalSection(SolutionProperties) = preSolution
		HideSolutionNode = FALSE
	EndGlobalSection
	GlobalSection(ExtensibilityGlobals) = postSolution
		SolutionGuid = {5B0C15CB-A543-4581-906A-A8BD368E6221}
	EndGlobalSection
EndGlobal
