
Microsoft Visual Studio Solution File, Format Version 12.00
# Visual Studio Version 17
VisualStudioVersion = 17.7.34031.279
MinimumVisualStudioVersion = 10.0.40219.1
Project("{FAE04EC0-301F-11D3-BF4B-00C04F79EFBC}") = "discount_program", "discount_program\discount_program.csproj", "{1F98B527-6901-4B4E-8C9C-B65B22BB25DA}"
EndProject
Global
	GlobalSection(SolutionConfigurationPlatforms) = preSolution
		Debug|Any CPU = Debug|Any CPU
		Release|Any CPU = Release|Any CPU
	EndGlobalSection
	GlobalSection(ProjectConfigurationPlatforms) = postSolution
		{1F98B527-6901-4B4E-8C9C-B65B22BB25DA}.Debug|Any CPU.ActiveCfg = Debug|Any CPU
		{1F98B527-6901-4B4E-8C9C-B65B22BB25DA}.Debug|Any CPU.Build.0 = Debug|Any CPU
		{1F98B527-6901-4B4E-8C9C-B65B22BB25DA}.Release|Any CPU.ActiveCfg = Release|Any CPU
		{1F98B527-6901-4B4E-8C9C-B65B22BB25DA}.Release|Any CPU.Build.0 = Release|Any CPU
	EndGlobalSection
	GlobalSection(SolutionProperties) = preSolution
		HideSolutionNode = FALSE
	EndGlobalSection
	GlobalSection(ExtensibilityGlobals) = postSolution
		SolutionGuid = {D135797A-E5CB-4DE6-BB22-48CD2CC606F2}
	EndGlobalSection
EndGlobal
