
Microsoft Visual Studio Solution File, Format Version 12.00
# Visual Studio Version 17
VisualStudioVersion = 17.7.34031.279
MinimumVisualStudioVersion = 10.0.40219.1
Project("{FAE04EC0-301F-11D3-BF4B-00C04F79EFBC}") = "poly", "poly\poly.csproj", "{03F18A83-782B-4FB9-9D3E-B0D0EA12683A}"
EndProject
Global
	GlobalSection(SolutionConfigurationPlatforms) = preSolution
		Debug|Any CPU = Debug|Any CPU
		Release|Any CPU = Release|Any CPU
	EndGlobalSection
	GlobalSection(ProjectConfigurationPlatforms) = postSolution
		{03F18A83-782B-4FB9-9D3E-B0D0EA12683A}.Debug|Any CPU.ActiveCfg = Debug|Any CPU
		{03F18A83-782B-4FB9-9D3E-B0D0EA12683A}.Debug|Any CPU.Build.0 = Debug|Any CPU
		{03F18A83-782B-4FB9-9D3E-B0D0EA12683A}.Release|Any CPU.ActiveCfg = Release|Any CPU
		{03F18A83-782B-4FB9-9D3E-B0D0EA12683A}.Release|Any CPU.Build.0 = Release|Any CPU
	EndGlobalSection
	GlobalSection(SolutionProperties) = preSolution
		HideSolutionNode = FALSE
	EndGlobalSection
	GlobalSection(ExtensibilityGlobals) = postSolution
		SolutionGuid = {53353431-13D2-4EBF-8E20-D61B6DE62E5C}
	EndGlobalSection
EndGlobal
