
Microsoft Visual Studio Solution File, Format Version 12.00
# Visual Studio Version 17
VisualStudioVersion = 17.7.34031.279
MinimumVisualStudioVersion = 10.0.40219.1
Project("{FAE04EC0-301F-11D3-BF4B-00C04F79EFBC}") = "matexp", "matexp\matexp.csproj", "{65918C39-F854-44AB-A10D-D7DC3358390C}"
EndProject
Global
	GlobalSection(SolutionConfigurationPlatforms) = preSolution
		Debug|Any CPU = Debug|Any CPU
		Release|Any CPU = Release|Any CPU
	EndGlobalSection
	GlobalSection(ProjectConfigurationPlatforms) = postSolution
		{65918C39-F854-44AB-A10D-D7DC3358390C}.Debug|Any CPU.ActiveCfg = Debug|Any CPU
		{65918C39-F854-44AB-A10D-D7DC3358390C}.Debug|Any CPU.Build.0 = Debug|Any CPU
		{65918C39-F854-44AB-A10D-D7DC3358390C}.Release|Any CPU.ActiveCfg = Release|Any CPU
		{65918C39-F854-44AB-A10D-D7DC3358390C}.Release|Any CPU.Build.0 = Release|Any CPU
	EndGlobalSection
	GlobalSection(SolutionProperties) = preSolution
		HideSolutionNode = FALSE
	EndGlobalSection
	GlobalSection(ExtensibilityGlobals) = postSolution
		SolutionGuid = {2D13AD52-674E-4EE6-873C-DF3929C9310E}
	EndGlobalSection
EndGlobal
