
Microsoft Visual Studio Solution File, Format Version 12.00
# Visual Studio Version 17
VisualStudioVersion = 17.7.34031.279
MinimumVisualStudioVersion = 10.0.40219.1
Project("{FAE04EC0-301F-11D3-BF4B-00C04F79EFBC}") = "enum_ex", "enum_ex\enum_ex.csproj", "{824FB3B3-E866-4183-8489-0555C73E0202}"
EndProject
Global
	GlobalSection(SolutionConfigurationPlatforms) = preSolution
		Debug|Any CPU = Debug|Any CPU
		Release|Any CPU = Release|Any CPU
	EndGlobalSection
	GlobalSection(ProjectConfigurationPlatforms) = postSolution
		{824FB3B3-E866-4183-8489-0555C73E0202}.Debug|Any CPU.ActiveCfg = Debug|Any CPU
		{824FB3B3-E866-4183-8489-0555C73E0202}.Debug|Any CPU.Build.0 = Debug|Any CPU
		{824FB3B3-E866-4183-8489-0555C73E0202}.Release|Any CPU.ActiveCfg = Release|Any CPU
		{824FB3B3-E866-4183-8489-0555C73E0202}.Release|Any CPU.Build.0 = Release|Any CPU
	EndGlobalSection
	GlobalSection(SolutionProperties) = preSolution
		HideSolutionNode = FALSE
	EndGlobalSection
	GlobalSection(ExtensibilityGlobals) = postSolution
		SolutionGuid = {229D2ABE-F65B-4301-8529-C13F8EFC5E02}
	EndGlobalSection
EndGlobal
