
Microsoft Visual Studio Solution File, Format Version 12.00
# Visual Studio Version 17
VisualStudioVersion = 17.7.34031.279
MinimumVisualStudioVersion = 10.0.40219.1
Project("{FAE04EC0-301F-11D3-BF4B-00C04F79EFBC}") = "max array", "max array\max array.csproj", "{24601162-282D-45F8-9EA3-961972066E77}"
EndProject
Global
	GlobalSection(SolutionConfigurationPlatforms) = preSolution
		Debug|Any CPU = Debug|Any CPU
		Release|Any CPU = Release|Any CPU
	EndGlobalSection
	GlobalSection(ProjectConfigurationPlatforms) = postSolution
		{24601162-282D-45F8-9EA3-961972066E77}.Debug|Any CPU.ActiveCfg = Debug|Any CPU
		{24601162-282D-45F8-9EA3-961972066E77}.Debug|Any CPU.Build.0 = Debug|Any CPU
		{24601162-282D-45F8-9EA3-961972066E77}.Release|Any CPU.ActiveCfg = Release|Any CPU
		{24601162-282D-45F8-9EA3-961972066E77}.Release|Any CPU.Build.0 = Release|Any CPU
	EndGlobalSection
	GlobalSection(SolutionProperties) = preSolution
		HideSolutionNode = FALSE
	EndGlobalSection
	GlobalSection(ExtensibilityGlobals) = postSolution
		SolutionGuid = {793E041E-C879-4724-B6E3-B566BAB53B7C}
	EndGlobalSection
EndGlobal
