
Microsoft Visual Studio Solution File, Format Version 12.00
# Visual Studio Version 17
VisualStudioVersion = 17.7.34031.279
MinimumVisualStudioVersion = 10.0.40219.1
Project("{FAE04EC0-301F-11D3-BF4B-00C04F79EFBC}") = "Collection_universalc_stack", "Collection_universalc_stack\Collection_universalc_stack.csproj", "{AD5AE658-4EED-4BAB-9C5A-A94638E145DA}"
EndProject
Global
	GlobalSection(SolutionConfigurationPlatforms) = preSolution
		Debug|Any CPU = Debug|Any CPU
		Release|Any CPU = Release|Any CPU
	EndGlobalSection
	GlobalSection(ProjectConfigurationPlatforms) = postSolution
		{AD5AE658-4EED-4BAB-9C5A-A94638E145DA}.Debug|Any CPU.ActiveCfg = Debug|Any CPU
		{AD5AE658-4EED-4BAB-9C5A-A94638E145DA}.Debug|Any CPU.Build.0 = Debug|Any CPU
		{AD5AE658-4EED-4BAB-9C5A-A94638E145DA}.Release|Any CPU.ActiveCfg = Release|Any CPU
		{AD5AE658-4EED-4BAB-9C5A-A94638E145DA}.Release|Any CPU.Build.0 = Release|Any CPU
	EndGlobalSection
	GlobalSection(SolutionProperties) = preSolution
		HideSolutionNode = FALSE
	EndGlobalSection
	GlobalSection(ExtensibilityGlobals) = postSolution
		SolutionGuid = {34688DFA-7F83-486D-BC92-8E436ECB4101}
	EndGlobalSection
EndGlobal
