
Microsoft Visual Studio Solution File, Format Version 12.00
# Visual Studio Version 17
VisualStudioVersion = 17.7.34031.279
MinimumVisualStudioVersion = 10.0.40219.1
Project("{FAE04EC0-301F-11D3-BF4B-00C04F79EFBC}") = "vb", "vb\vb.csproj", "{728CAA3B-A1B2-4313-96D4-50501545B4CC}"
EndProject
Global
	GlobalSection(SolutionConfigurationPlatforms) = preSolution
		Debug|Any CPU = Debug|Any CPU
		Release|Any CPU = Release|Any CPU
	EndGlobalSection
	GlobalSection(ProjectConfigurationPlatforms) = postSolution
		{728CAA3B-A1B2-4313-96D4-50501545B4CC}.Debug|Any CPU.ActiveCfg = Debug|Any CPU
		{728CAA3B-A1B2-4313-96D4-50501545B4CC}.Debug|Any CPU.Build.0 = Debug|Any CPU
		{728CAA3B-A1B2-4313-96D4-50501545B4CC}.Release|Any CPU.ActiveCfg = Release|Any CPU
		{728CAA3B-A1B2-4313-96D4-50501545B4CC}.Release|Any CPU.Build.0 = Release|Any CPU
	EndGlobalSection
	GlobalSection(SolutionProperties) = preSolution
		HideSolutionNode = FALSE
	EndGlobalSection
	GlobalSection(ExtensibilityGlobals) = postSolution
		SolutionGuid = {1A919C41-7A0A-4A44-8FFC-57884BB5DA70}
	EndGlobalSection
EndGlobal
