
Microsoft Visual Studio Solution File, Format Version 12.00
# Visual Studio Version 17
VisualStudioVersion = 17.7.34031.279
MinimumVisualStudioVersion = 10.0.40219.1
Project("{FAE04EC0-301F-11D3-BF4B-00C04F79EFBC}") = "forloop addition", "forloop addition\forloop addition.csproj", "{8F579220-0E16-46FF-A6FE-985B2C1BB689}"
EndProject
Global
	GlobalSection(SolutionConfigurationPlatforms) = preSolution
		Debug|Any CPU = Debug|Any CPU
		Release|Any CPU = Release|Any CPU
	EndGlobalSection
	GlobalSection(ProjectConfigurationPlatforms) = postSolution
		{8F579220-0E16-46FF-A6FE-985B2C1BB689}.Debug|Any CPU.ActiveCfg = Debug|Any CPU
		{8F579220-0E16-46FF-A6FE-985B2C1BB689}.Debug|Any CPU.Build.0 = Debug|Any CPU
		{8F579220-0E16-46FF-A6FE-985B2C1BB689}.Release|Any CPU.ActiveCfg = Release|Any CPU
		{8F579220-0E16-46FF-A6FE-985B2C1BB689}.Release|Any CPU.Build.0 = Release|Any CPU
	EndGlobalSection
	GlobalSection(SolutionProperties) = preSolution
		HideSolutionNode = FALSE
	EndGlobalSection
	GlobalSection(ExtensibilityGlobals) = postSolution
		SolutionGuid = {7092AA6A-97F8-4FFF-8250-31532D0B8392}
	EndGlobalSection
EndGlobal
