
Microsoft Visual Studio Solution File, Format Version 12.00
# Visual Studio Version 17
VisualStudioVersion = 17.7.34031.279
MinimumVisualStudioVersion = 10.0.40219.1
Project("{FAE04EC0-301F-11D3-BF4B-00C04F79EFBC}") = "even odd using forloop", "even odd using forloop\even odd using forloop.csproj", "{C9CEAF1F-35AA-4FA8-B63C-BCA3F7E447A0}"
EndProject
Global
	GlobalSection(SolutionConfigurationPlatforms) = preSolution
		Debug|Any CPU = Debug|Any CPU
		Release|Any CPU = Release|Any CPU
	EndGlobalSection
	GlobalSection(ProjectConfigurationPlatforms) = postSolution
		{C9CEAF1F-35AA-4FA8-B63C-BCA3F7E447A0}.Debug|Any CPU.ActiveCfg = Debug|Any CPU
		{C9CEAF1F-35AA-4FA8-B63C-BCA3F7E447A0}.Debug|Any CPU.Build.0 = Debug|Any CPU
		{C9CEAF1F-35AA-4FA8-B63C-BCA3F7E447A0}.Release|Any CPU.ActiveCfg = Release|Any CPU
		{C9CEAF1F-35AA-4FA8-B63C-BCA3F7E447A0}.Release|Any CPU.Build.0 = Release|Any CPU
	EndGlobalSection
	GlobalSection(SolutionProperties) = preSolution
		HideSolutionNode = FALSE
	EndGlobalSection
	GlobalSection(ExtensibilityGlobals) = postSolution
		SolutionGuid = {6FDEACD2-0813-4941-83F5-78C316FE4931}
	EndGlobalSection
EndGlobal
