
Microsoft Visual Studio Solution File, Format Version 12.00
# Visual Studio Version 17
VisualStudioVersion = 17.7.34031.279
MinimumVisualStudioVersion = 10.0.40219.1
Project("{FAE04EC0-301F-11D3-BF4B-00C04F79EFBC}") = "delegate lambda ex", "delegate lambda ex\delegate lambda ex.csproj", "{3C4E5EAA-24A5-4313-B4F0-ECE771D653B9}"
EndProject
Global
	GlobalSection(SolutionConfigurationPlatforms) = preSolution
		Debug|Any CPU = Debug|Any CPU
		Release|Any CPU = Release|Any CPU
	EndGlobalSection
	GlobalSection(ProjectConfigurationPlatforms) = postSolution
		{3C4E5EAA-24A5-4313-B4F0-ECE771D653B9}.Debug|Any CPU.ActiveCfg = Debug|Any CPU
		{3C4E5EAA-24A5-4313-B4F0-ECE771D653B9}.Debug|Any CPU.Build.0 = Debug|Any CPU
		{3C4E5EAA-24A5-4313-B4F0-ECE771D653B9}.Release|Any CPU.ActiveCfg = Release|Any CPU
		{3C4E5EAA-24A5-4313-B4F0-ECE771D653B9}.Release|Any CPU.Build.0 = Release|Any CPU
	EndGlobalSection
	GlobalSection(SolutionProperties) = preSolution
		HideSolutionNode = FALSE
	EndGlobalSection
	GlobalSection(ExtensibilityGlobals) = postSolution
		SolutionGuid = {AD35ABC9-39B3-42DF-9750-D4EC32B62060}
	EndGlobalSection
EndGlobal
