
Microsoft Visual Studio Solution File, Format Version 12.00
# Visual Studio Version 17
VisualStudioVersion = 17.7.34031.279
MinimumVisualStudioVersion = 10.0.40219.1
Project("{FAE04EC0-301F-11D3-BF4B-00C04F79EFBC}") = "properties ex", "properties ex\properties ex.csproj", "{E4CF6F2C-A0A6-404A-B907-FB050518FECC}"
EndProject
Global
	GlobalSection(SolutionConfigurationPlatforms) = preSolution
		Debug|Any CPU = Debug|Any CPU
		Release|Any CPU = Release|Any CPU
	EndGlobalSection
	GlobalSection(ProjectConfigurationPlatforms) = postSolution
		{E4CF6F2C-A0A6-404A-B907-FB050518FECC}.Debug|Any CPU.ActiveCfg = Debug|Any CPU
		{E4CF6F2C-A0A6-404A-B907-FB050518FECC}.Debug|Any CPU.Build.0 = Debug|Any CPU
		{E4CF6F2C-A0A6-404A-B907-FB050518FECC}.Release|Any CPU.ActiveCfg = Release|Any CPU
		{E4CF6F2C-A0A6-404A-B907-FB050518FECC}.Release|Any CPU.Build.0 = Release|Any CPU
	EndGlobalSection
	GlobalSection(SolutionProperties) = preSolution
		HideSolutionNode = FALSE
	EndGlobalSection
	GlobalSection(ExtensibilityGlobals) = postSolution
		SolutionGuid = {7304457B-0BEB-4A13-B4A5-40EE23E33617}
	EndGlobalSection
EndGlobal
