
Microsoft Visual Studio Solution File, Format Version 12.00
# Visual Studio Version 17
VisualStudioVersion = 17.7.34031.279
MinimumVisualStudioVersion = 10.0.40219.1
Project("{FAE04EC0-301F-11D3-BF4B-00C04F79EFBC}") = "sealed keyword_ex", "sealed keyword_ex\sealed keyword_ex.csproj", "{5FD7F4DB-A464-453C-8B02-7DDF2B4251CA}"
EndProject
Global
	GlobalSection(SolutionConfigurationPlatforms) = preSolution
		Debug|Any CPU = Debug|Any CPU
		Release|Any CPU = Release|Any CPU
	EndGlobalSection
	GlobalSection(ProjectConfigurationPlatforms) = postSolution
		{5FD7F4DB-A464-453C-8B02-7DDF2B4251CA}.Debug|Any CPU.ActiveCfg = Debug|Any CPU
		{5FD7F4DB-A464-453C-8B02-7DDF2B4251CA}.Debug|Any CPU.Build.0 = Debug|Any CPU
		{5FD7F4DB-A464-453C-8B02-7DDF2B4251CA}.Release|Any CPU.ActiveCfg = Release|Any CPU
		{5FD7F4DB-A464-453C-8B02-7DDF2B4251CA}.Release|Any CPU.Build.0 = Release|Any CPU
	EndGlobalSection
	GlobalSection(SolutionProperties) = preSolution
		HideSolutionNode = FALSE
	EndGlobalSection
	GlobalSection(ExtensibilityGlobals) = postSolution
		SolutionGuid = {4FBF6F55-5BE3-44A7-B819-95147A476950}
	EndGlobalSection
EndGlobal
