
Microsoft Visual Studio Solution File, Format Version 12.00
# Visual Studio Version 17
VisualStudioVersion = 17.7.34031.279
MinimumVisualStudioVersion = 10.0.40219.1
Project("{FAE04EC0-301F-11D3-BF4B-00C04F79EFBC}") = "priyanka_examonC#", "priyanka_examonC#\priyanka_examonC#.csproj", "{C58C0685-BE4D-42F1-97CA-F3E31A1790C9}"
EndProject
Global
	GlobalSection(SolutionConfigurationPlatforms) = preSolution
		Debug|Any CPU = Debug|Any CPU
		Release|Any CPU = Release|Any CPU
	EndGlobalSection
	GlobalSection(ProjectConfigurationPlatforms) = postSolution
		{C58C0685-BE4D-42F1-97CA-F3E31A1790C9}.Debug|Any CPU.ActiveCfg = Debug|Any CPU
		{C58C0685-BE4D-42F1-97CA-F3E31A1790C9}.Debug|Any CPU.Build.0 = Debug|Any CPU
		{C58C0685-BE4D-42F1-97CA-F3E31A1790C9}.Release|Any CPU.ActiveCfg = Release|Any CPU
		{C58C0685-BE4D-42F1-97CA-F3E31A1790C9}.Release|Any CPU.Build.0 = Release|Any CPU
	EndGlobalSection
	GlobalSection(SolutionProperties) = preSolution
		HideSolutionNode = FALSE
	EndGlobalSection
	GlobalSection(ExtensibilityGlobals) = postSolution
		SolutionGuid = {2B3066E4-4838-44DB-97AA-C06B3B6CC010}
	EndGlobalSection
EndGlobal
