
Microsoft Visual Studio Solution File, Format Version 12.00
# Visual Studio Version 17
VisualStudioVersion = 17.7.34031.279
MinimumVisualStudioVersion = 10.0.40219.1
Project("{FAE04EC0-301F-11D3-BF4B-00C04F79EFBC}") = "arrayexample", "arrayexample\arrayexample.csproj", "{90F03E2C-9E09-4884-98A4-5AA6D5DC6D1A}"
EndProject
Global
	GlobalSection(SolutionConfigurationPlatforms) = preSolution
		Debug|Any CPU = Debug|Any CPU
		Release|Any CPU = Release|Any CPU
	EndGlobalSection
	GlobalSection(ProjectConfigurationPlatforms) = postSolution
		{90F03E2C-9E09-4884-98A4-5AA6D5DC6D1A}.Debug|Any CPU.ActiveCfg = Debug|Any CPU
		{90F03E2C-9E09-4884-98A4-5AA6D5DC6D1A}.Debug|Any CPU.Build.0 = Debug|Any CPU
		{90F03E2C-9E09-4884-98A4-5AA6D5DC6D1A}.Release|Any CPU.ActiveCfg = Release|Any CPU
		{90F03E2C-9E09-4884-98A4-5AA6D5DC6D1A}.Release|Any CPU.Build.0 = Release|Any CPU
	EndGlobalSection
	GlobalSection(SolutionProperties) = preSolution
		HideSolutionNode = FALSE
	EndGlobalSection
	GlobalSection(ExtensibilityGlobals) = postSolution
		SolutionGuid = {5998AE81-2569-407B-B422-7CAC2D6E197E}
	EndGlobalSection
EndGlobal
