
Microsoft Visual Studio Solution File, Format Version 12.00
# Visual Studio Version 17
VisualStudioVersion = 17.7.34031.279
MinimumVisualStudioVersion = 10.0.40219.1
Project("{FAE04EC0-301F-11D3-BF4B-00C04F79EFBC}") = "enum_ex1", "enum_ex1\enum_ex1.csproj", "{53F2A3CC-D6F3-4EC7-8045-C030569DCCCC}"
EndProject
Global
	GlobalSection(SolutionConfigurationPlatforms) = preSolution
		Debug|Any CPU = Debug|Any CPU
		Release|Any CPU = Release|Any CPU
	EndGlobalSection
	GlobalSection(ProjectConfigurationPlatforms) = postSolution
		{53F2A3CC-D6F3-4EC7-8045-C030569DCCCC}.Debug|Any CPU.ActiveCfg = Debug|Any CPU
		{53F2A3CC-D6F3-4EC7-8045-C030569DCCCC}.Debug|Any CPU.Build.0 = Debug|Any CPU
		{53F2A3CC-D6F3-4EC7-8045-C030569DCCCC}.Release|Any CPU.ActiveCfg = Release|Any CPU
		{53F2A3CC-D6F3-4EC7-8045-C030569DCCCC}.Release|Any CPU.Build.0 = Release|Any CPU
	EndGlobalSection
	GlobalSection(SolutionProperties) = preSolution
		HideSolutionNode = FALSE
	EndGlobalSection
	GlobalSection(ExtensibilityGlobals) = postSolution
		SolutionGuid = {E30340A8-42BC-4D1F-AD1B-A4E86FD43A1C}
	EndGlobalSection
EndGlobal
