
Microsoft Visual Studio Solution File, Format Version 12.00
# Visual Studio Version 17
VisualStudioVersion = 17.7.34031.279
MinimumVisualStudioVersion = 10.0.40219.1
Project("{FAE04EC0-301F-11D3-BF4B-00C04F79EFBC}") = "project2", "project2\project2.csproj", "{ED464C35-7722-4205-8738-83002947F7D4}"
EndProject
Global
	GlobalSection(SolutionConfigurationPlatforms) = preSolution
		Debug|Any CPU = Debug|Any CPU
		Release|Any CPU = Release|Any CPU
	EndGlobalSection
	GlobalSection(ProjectConfigurationPlatforms) = postSolution
		{ED464C35-7722-4205-8738-83002947F7D4}.Debug|Any CPU.ActiveCfg = Debug|Any CPU
		{ED464C35-7722-4205-8738-83002947F7D4}.Debug|Any CPU.Build.0 = Debug|Any CPU
		{ED464C35-7722-4205-8738-83002947F7D4}.Release|Any CPU.ActiveCfg = Release|Any CPU
		{ED464C35-7722-4205-8738-83002947F7D4}.Release|Any CPU.Build.0 = Release|Any CPU
	EndGlobalSection
	GlobalSection(SolutionProperties) = preSolution
		HideSolutionNode = FALSE
	EndGlobalSection
	GlobalSection(ExtensibilityGlobals) = postSolution
		SolutionGuid = {210CEF40-6E5B-47A2-BDA7-A2CEA8BFE187}
	EndGlobalSection
EndGlobal
