
Microsoft Visual Studio Solution File, Format Version 12.00
# Visual Studio Version 17
VisualStudioVersion = 17.7.34031.279
MinimumVisualStudioVersion = 10.0.40219.1
Project("{FAE04EC0-301F-11D3-BF4B-00C04F79EFBC}") = "or operator", "or operator\or operator.csproj", "{BB73B832-AE4B-4D80-BAFF-F45CA7DC903F}"
EndProject
Global
	GlobalSection(SolutionConfigurationPlatforms) = preSolution
		Debug|Any CPU = Debug|Any CPU
		Release|Any CPU = Release|Any CPU
	EndGlobalSection
	GlobalSection(ProjectConfigurationPlatforms) = postSolution
		{BB73B832-AE4B-4D80-BAFF-F45CA7DC903F}.Debug|Any CPU.ActiveCfg = Debug|Any CPU
		{BB73B832-AE4B-4D80-BAFF-F45CA7DC903F}.Debug|Any CPU.Build.0 = Debug|Any CPU
		{BB73B832-AE4B-4D80-BAFF-F45CA7DC903F}.Release|Any CPU.ActiveCfg = Release|Any CPU
		{BB73B832-AE4B-4D80-BAFF-F45CA7DC903F}.Release|Any CPU.Build.0 = Release|Any CPU
	EndGlobalSection
	GlobalSection(SolutionProperties) = preSolution
		HideSolutionNode = FALSE
	EndGlobalSection
	GlobalSection(ExtensibilityGlobals) = postSolution
		SolutionGuid = {0151663C-1BEF-452F-8FF4-9362CE342E2D}
	EndGlobalSection
EndGlobal
