
Microsoft Visual Studio Solution File, Format Version 12.00
# Visual Studio Version 17
VisualStudioVersion = 17.7.34031.279
MinimumVisualStudioVersion = 10.0.40219.1
Project("{FAE04EC0-301F-11D3-BF4B-00C04F79EFBC}") = "abstarct home ex", "abstarct home ex\abstarct home ex.csproj", "{4A5EF1CC-4FC3-4A47-A05E-D3A0CC04B7E3}"
EndProject
Global
	GlobalSection(SolutionConfigurationPlatforms) = preSolution
		Debug|Any CPU = Debug|Any CPU
		Release|Any CPU = Release|Any CPU
	EndGlobalSection
	GlobalSection(ProjectConfigurationPlatforms) = postSolution
		{4A5EF1CC-4FC3-4A47-A05E-D3A0CC04B7E3}.Debug|Any CPU.ActiveCfg = Debug|Any CPU
		{4A5EF1CC-4FC3-4A47-A05E-D3A0CC04B7E3}.Debug|Any CPU.Build.0 = Debug|Any CPU
		{4A5EF1CC-4FC3-4A47-A05E-D3A0CC04B7E3}.Release|Any CPU.ActiveCfg = Release|Any CPU
		{4A5EF1CC-4FC3-4A47-A05E-D3A0CC04B7E3}.Release|Any CPU.Build.0 = Release|Any CPU
	EndGlobalSection
	GlobalSection(SolutionProperties) = preSolution
		HideSolutionNode = FALSE
	EndGlobalSection
	GlobalSection(ExtensibilityGlobals) = postSolution
		SolutionGuid = {7DBD993F-19FE-40B7-AC42-F17A0CCFD88F}
	EndGlobalSection
EndGlobal
