
Microsoft Visual Studio Solution File, Format Version 12.00
# Visual Studio Version 17
VisualStudioVersion = 17.7.34031.279
MinimumVisualStudioVersion = 10.0.40219.1
Project("{FAE04EC0-301F-11D3-BF4B-00C04F79EFBC}") = "delegate ex", "delegate ex\delegate ex.csproj", "{615A0D9E-4761-4710-902E-1C5BBE1D13E9}"
EndProject
Global
	GlobalSection(SolutionConfigurationPlatforms) = preSolution
		Debug|Any CPU = Debug|Any CPU
		Release|Any CPU = Release|Any CPU
	EndGlobalSection
	GlobalSection(ProjectConfigurationPlatforms) = postSolution
		{615A0D9E-4761-4710-902E-1C5BBE1D13E9}.Debug|Any CPU.ActiveCfg = Debug|Any CPU
		{615A0D9E-4761-4710-902E-1C5BBE1D13E9}.Debug|Any CPU.Build.0 = Debug|Any CPU
		{615A0D9E-4761-4710-902E-1C5BBE1D13E9}.Release|Any CPU.ActiveCfg = Release|Any CPU
		{615A0D9E-4761-4710-902E-1C5BBE1D13E9}.Release|Any CPU.Build.0 = Release|Any CPU
	EndGlobalSection
	GlobalSection(SolutionProperties) = preSolution
		HideSolutionNode = FALSE
	EndGlobalSection
	GlobalSection(ExtensibilityGlobals) = postSolution
		SolutionGuid = {32254817-2538-4EFF-B368-5EE6409DBF39}
	EndGlobalSection
EndGlobal
