
Microsoft Visual Studio Solution File, Format Version 12.00
# Visual Studio Version 17
VisualStudioVersion = 17.7.34031.279
MinimumVisualStudioVersion = 10.0.40219.1
Project("{FAE04EC0-301F-11D3-BF4B-00C04F79EFBC}") = "method calls", "method calls\method calls.csproj", "{D7F91C4F-28E1-4379-9103-F6AFACDF684F}"
EndProject
Global
	GlobalSection(SolutionConfigurationPlatforms) = preSolution
		Debug|Any CPU = Debug|Any CPU
		Release|Any CPU = Release|Any CPU
	EndGlobalSection
	GlobalSection(ProjectConfigurationPlatforms) = postSolution
		{D7F91C4F-28E1-4379-9103-F6AFACDF684F}.Debug|Any CPU.ActiveCfg = Debug|Any CPU
		{D7F91C4F-28E1-4379-9103-F6AFACDF684F}.Debug|Any CPU.Build.0 = Debug|Any CPU
		{D7F91C4F-28E1-4379-9103-F6AFACDF684F}.Release|Any CPU.ActiveCfg = Release|Any CPU
		{D7F91C4F-28E1-4379-9103-F6AFACDF684F}.Release|Any CPU.Build.0 = Release|Any CPU
	EndGlobalSection
	GlobalSection(SolutionProperties) = preSolution
		HideSolutionNode = FALSE
	EndGlobalSection
	GlobalSection(ExtensibilityGlobals) = postSolution
		SolutionGuid = {58521C10-03DD-4904-B391-A4BCEC088E34}
	EndGlobalSection
EndGlobal
