
Microsoft Visual Studio Solution File, Format Version 12.00
# Visual Studio Version 17
VisualStudioVersion = 17.7.34031.279
MinimumVisualStudioVersion = 10.0.40219.1
Project("{FAE04EC0-301F-11D3-BF4B-00C04F79EFBC}") = "partial modifier or keyword ex", "partial modifier or keyword ex\partial modifier or keyword ex.csproj", "{70419DA4-988C-4ABD-A8B6-37DCD90B3ED9}"
EndProject
Global
	GlobalSection(SolutionConfigurationPlatforms) = preSolution
		Debug|Any CPU = Debug|Any CPU
		Release|Any CPU = Release|Any CPU
	EndGlobalSection
	GlobalSection(ProjectConfigurationPlatforms) = postSolution
		{70419DA4-988C-4ABD-A8B6-37DCD90B3ED9}.Debug|Any CPU.ActiveCfg = Debug|Any CPU
		{70419DA4-988C-4ABD-A8B6-37DCD90B3ED9}.Debug|Any CPU.Build.0 = Debug|Any CPU
		{70419DA4-988C-4ABD-A8B6-37DCD90B3ED9}.Release|Any CPU.ActiveCfg = Release|Any CPU
		{70419DA4-988C-4ABD-A8B6-37DCD90B3ED9}.Release|Any CPU.Build.0 = Release|Any CPU
	EndGlobalSection
	GlobalSection(SolutionProperties) = preSolution
		HideSolutionNode = FALSE
	EndGlobalSection
	GlobalSection(ExtensibilityGlobals) = postSolution
		SolutionGuid = {0DE3B517-C28D-4465-8923-93E865367B8A}
	EndGlobalSection
EndGlobal
