
Microsoft Visual Studio Solution File, Format Version 12.00
# Visual Studio Version 17
VisualStudioVersion = 17.7.34031.279
MinimumVisualStudioVersion = 10.0.40219.1
Project("{FAE04EC0-301F-11D3-BF4B-00C04F79EFBC}") = "polycirrec", "polycirrec\polycirrec.csproj", "{2D391719-CC97-4DDA-BA9E-C61EBEC05AFE}"
EndProject
Global
	GlobalSection(SolutionConfigurationPlatforms) = preSolution
		Debug|Any CPU = Debug|Any CPU
		Release|Any CPU = Release|Any CPU
	EndGlobalSection
	GlobalSection(ProjectConfigurationPlatforms) = postSolution
		{2D391719-CC97-4DDA-BA9E-C61EBEC05AFE}.Debug|Any CPU.ActiveCfg = Debug|Any CPU
		{2D391719-CC97-4DDA-BA9E-C61EBEC05AFE}.Debug|Any CPU.Build.0 = Debug|Any CPU
		{2D391719-CC97-4DDA-BA9E-C61EBEC05AFE}.Release|Any CPU.ActiveCfg = Release|Any CPU
		{2D391719-CC97-4DDA-BA9E-C61EBEC05AFE}.Release|Any CPU.Build.0 = Release|Any CPU
	EndGlobalSection
	GlobalSection(SolutionProperties) = preSolution
		HideSolutionNode = FALSE
	EndGlobalSection
	GlobalSection(ExtensibilityGlobals) = postSolution
		SolutionGuid = {1FF12041-0FC3-42E9-8CEC-D03594072519}
	EndGlobalSection
EndGlobal
