
Microsoft Visual Studio Solution File, Format Version 12.00
# Visual Studio Version 17
VisualStudioVersion = 17.7.34031.279
MinimumVisualStudioVersion = 10.0.40219.1
Project("{FAE04EC0-301F-11D3-BF4B-00C04F79EFBC}") = "And operator", "And operator\And operator.csproj", "{04EF25AD-0D50-40C2-845E-4E3DFCC884BC}"
EndProject
Global
	GlobalSection(SolutionConfigurationPlatforms) = preSolution
		Debug|Any CPU = Debug|Any CPU
		Release|Any CPU = Release|Any CPU
	EndGlobalSection
	GlobalSection(ProjectConfigurationPlatforms) = postSolution
		{04EF25AD-0D50-40C2-845E-4E3DFCC884BC}.Debug|Any CPU.ActiveCfg = Debug|Any CPU
		{04EF25AD-0D50-40C2-845E-4E3DFCC884BC}.Debug|Any CPU.Build.0 = Debug|Any CPU
		{04EF25AD-0D50-40C2-845E-4E3DFCC884BC}.Release|Any CPU.ActiveCfg = Release|Any CPU
		{04EF25AD-0D50-40C2-845E-4E3DFCC884BC}.Release|Any CPU.Build.0 = Release|Any CPU
	EndGlobalSection
	GlobalSection(SolutionProperties) = preSolution
		HideSolutionNode = FALSE
	EndGlobalSection
	GlobalSection(ExtensibilityGlobals) = postSolution
		SolutionGuid = {45B4C1BC-D2DA-494C-900C-C51A07CC6126}
	EndGlobalSection
EndGlobal
