
Microsoft Visual Studio Solution File, Format Version 12.00
# Visual Studio Version 17
VisualStudioVersion = 17.7.34031.279
MinimumVisualStudioVersion = 10.0.40219.1
Project("{FAE04EC0-301F-11D3-BF4B-00C04F79EFBC}") = "star pattern", "star pattern\star pattern.csproj", "{03795DCF-2BDD-4CC8-A2DE-A8F1B44CE8A5}"
EndProject
Global
	GlobalSection(SolutionConfigurationPlatforms) = preSolution
		Debug|Any CPU = Debug|Any CPU
		Release|Any CPU = Release|Any CPU
	EndGlobalSection
	GlobalSection(ProjectConfigurationPlatforms) = postSolution
		{03795DCF-2BDD-4CC8-A2DE-A8F1B44CE8A5}.Debug|Any CPU.ActiveCfg = Debug|Any CPU
		{03795DCF-2BDD-4CC8-A2DE-A8F1B44CE8A5}.Debug|Any CPU.Build.0 = Debug|Any CPU
		{03795DCF-2BDD-4CC8-A2DE-A8F1B44CE8A5}.Release|Any CPU.ActiveCfg = Release|Any CPU
		{03795DCF-2BDD-4CC8-A2DE-A8F1B44CE8A5}.Release|Any CPU.Build.0 = Release|Any CPU
	EndGlobalSection
	GlobalSection(SolutionProperties) = preSolution
		HideSolutionNode = FALSE
	EndGlobalSection
	GlobalSection(ExtensibilityGlobals) = postSolution
		SolutionGuid = {AA9D9CF0-9021-45B3-BAA1-9C22550F4DF2}
	EndGlobalSection
EndGlobal
