
Microsoft Visual Studio Solution File, Format Version 12.00
# Visual Studio Version 17
VisualStudioVersion = 17.7.34031.279
MinimumVisualStudioVersion = 10.0.40219.1
Project("{FAE04EC0-301F-11D3-BF4B-00C04F79EFBC}") = "extensionmethod for cntchar", "extensionmethod for cntchar\extensionmethod for cntchar.csproj", "{D348F95D-0F5E-48FE-837F-B9D90ECE70BF}"
EndProject
Global
	GlobalSection(SolutionConfigurationPlatforms) = preSolution
		Debug|Any CPU = Debug|Any CPU
		Release|Any CPU = Release|Any CPU
	EndGlobalSection
	GlobalSection(ProjectConfigurationPlatforms) = postSolution
		{D348F95D-0F5E-48FE-837F-B9D90ECE70BF}.Debug|Any CPU.ActiveCfg = Debug|Any CPU
		{D348F95D-0F5E-48FE-837F-B9D90ECE70BF}.Debug|Any CPU.Build.0 = Debug|Any CPU
		{D348F95D-0F5E-48FE-837F-B9D90ECE70BF}.Release|Any CPU.ActiveCfg = Release|Any CPU
		{D348F95D-0F5E-48FE-837F-B9D90ECE70BF}.Release|Any CPU.Build.0 = Release|Any CPU
	EndGlobalSection
	GlobalSection(SolutionProperties) = preSolution
		HideSolutionNode = FALSE
	EndGlobalSection
	GlobalSection(ExtensibilityGlobals) = postSolution
		SolutionGuid = {CDC364A4-9435-44B5-948C-8A8E783D2D30}
	EndGlobalSection
EndGlobal
