
Microsoft Visual Studio Solution File, Format Version 12.00
# Visual Studio Version 17
VisualStudioVersion = 17.7.34031.279
MinimumVisualStudioVersion = 10.0.40219.1
Project("{FAE04EC0-301F-11D3-BF4B-00C04F79EFBC}") = "jaggedarraymax", "jaggedarraymax\jaggedarraymax.csproj", "{1DA4945E-91E4-46A2-BF9C-9B5D50DEE915}"
EndProject
Global
	GlobalSection(SolutionConfigurationPlatforms) = preSolution
		Debug|Any CPU = Debug|Any CPU
		Release|Any CPU = Release|Any CPU
	EndGlobalSection
	GlobalSection(ProjectConfigurationPlatforms) = postSolution
		{1DA4945E-91E4-46A2-BF9C-9B5D50DEE915}.Debug|Any CPU.ActiveCfg = Debug|Any CPU
		{1DA4945E-91E4-46A2-BF9C-9B5D50DEE915}.Debug|Any CPU.Build.0 = Debug|Any CPU
		{1DA4945E-91E4-46A2-BF9C-9B5D50DEE915}.Release|Any CPU.ActiveCfg = Release|Any CPU
		{1DA4945E-91E4-46A2-BF9C-9B5D50DEE915}.Release|Any CPU.Build.0 = Release|Any CPU
	EndGlobalSection
	GlobalSection(SolutionProperties) = preSolution
		HideSolutionNode = FALSE
	EndGlobalSection
	GlobalSection(ExtensibilityGlobals) = postSolution
		SolutionGuid = {BCB32059-8087-4965-8875-7FD6B4322684}
	EndGlobalSection
EndGlobal
